
Microsoft Visual Studio Solution File, Format Version 12.00
# Visual Studio Version 17
VisualStudioVersion = 17.0.31903.59
MinimumVisualStudioVersion = 10.0.40219.1
Project("{FAE04EC0-301F-11D3-BF4B-00C04F79EFBC}") = "InstagramAPI", "InstagramAPI\InstagramAPI.csproj", "{E4D671F8-FE8B-423E-B3ED-60EBC9ADD79F}"
EndProject
Project("{FAE04EC0-301F-11D3-BF4B-00C04F79EFBC}") = "InstagramScanLauncher", "InstagramScanLauncher\InstagramScanLauncher.csproj", "{151DE36B-A267-4DD0-95AD-C4E2030DDC10}"
EndProject
Global
	GlobalSection(SolutionConfigurationPlatforms) = preSolution
		Debug|Any CPU = Debug|Any CPU
		Release|Any CPU = Release|Any CPU
	EndGlobalSection
	GlobalSection(SolutionProperties) = preSolution
		HideSolutionNode = FALSE
	EndGlobalSection
	GlobalSection(ProjectConfigurationPlatforms) = postSolution
		{E4D671F8-FE8B-423E-B3ED-60EBC9ADD79F}.Debug|Any CPU.ActiveCfg = Debug|Any CPU
		{E4D671F8-FE8B-423E-B3ED-60EBC9ADD79F}.Debug|Any CPU.Build.0 = Debug|Any CPU
		{E4D671F8-FE8B-423E-B3ED-60EBC9ADD79F}.Release|Any CPU.ActiveCfg = Release|Any CPU
		{E4D671F8-FE8B-423E-B3ED-60EBC9ADD79F}.Release|Any CPU.Build.0 = Release|Any CPU
		{151DE36B-A267-4DD0-95AD-C4E2030DDC10}.Debug|Any CPU.ActiveCfg = Debug|Any CPU
		{151DE36B-A267-4DD0-95AD-C4E2030DDC10}.Debug|Any CPU.Build.0 = Debug|Any CPU
		{151DE36B-A267-4DD0-95AD-C4E2030DDC10}.Release|Any CPU.ActiveCfg = Release|Any CPU
		{151DE36B-A267-4DD0-95AD-C4E2030DDC10}.Release|Any CPU.Build.0 = Release|Any CPU
	EndGlobalSection
EndGlobal
