
Microsoft Visual Studio Solution File, Format Version 12.00
# Visual Studio Version 16
VisualStudioVersion = 16.0.31112.23
MinimumVisualStudioVersion = 10.0.40219.1
Project("{FAE04EC0-301F-11D3-BF4B-00C04F79EFBC}") = "InstagramAPI", "InstagramAPI\InstagramAPI.csproj", "{860BF85E-ED86-4854-975E-F8BE4EC536F0}"
EndProject
Project("{FAE04EC0-301F-11D3-BF4B-00C04F79EFBC}") = "InstagramScanLauncher", "InstagramScanLauncher\InstagramScanLauncher.csproj", "{CF76747C-94BB-4600-8435-D02978EA54C5}"
EndProject
Global
	GlobalSection(SolutionConfigurationPlatforms) = preSolution
		Debug|Any CPU = Debug|Any CPU
		Release|Any CPU = Release|Any CPU
	EndGlobalSection
	GlobalSection(ProjectConfigurationPlatforms) = postSolution
		{860BF85E-ED86-4854-975E-F8BE4EC536F0}.Debug|Any CPU.ActiveCfg = Debug|Any CPU
		{860BF85E-ED86-4854-975E-F8BE4EC536F0}.Debug|Any CPU.Build.0 = Debug|Any CPU
		{860BF85E-ED86-4854-975E-F8BE4EC536F0}.Release|Any CPU.ActiveCfg = Release|Any CPU
		{860BF85E-ED86-4854-975E-F8BE4EC536F0}.Release|Any CPU.Build.0 = Release|Any CPU
		{CF76747C-94BB-4600-8435-D02978EA54C5}.Debug|Any CPU.ActiveCfg = Debug|Any CPU
		{CF76747C-94BB-4600-8435-D02978EA54C5}.Debug|Any CPU.Build.0 = Debug|Any CPU
		{CF76747C-94BB-4600-8435-D02978EA54C5}.Release|Any CPU.ActiveCfg = Release|Any CPU
		{CF76747C-94BB-4600-8435-D02978EA54C5}.Release|Any CPU.Build.0 = Release|Any CPU
	EndGlobalSection
	GlobalSection(SolutionProperties) = preSolution
		HideSolutionNode = FALSE
	EndGlobalSection
	GlobalSection(ExtensibilityGlobals) = postSolution
		SolutionGuid = {A4E19291-DA03-4AA7-982B-06567535923E}
	EndGlobalSection
EndGlobal
